// !$*UTF8*$!
{
	archiveVersion = 1;
	classes = {
	};
	objectVersion = 46;
	objects = {

/* Begin PBXBuildFile section */
		037857EC1707792200C8CD1E /* main.cpp in Sources */ = {isa = PBXBuildFile; fileRef = 037857EB1707792200C8CD1E /* main.cpp */; };
		037857EE1707792200C8CD1E /* ObserverDesignPatter.1 in CopyFiles */ = {isa = PBXBuildFile; fileRef = 037857ED1707792200C8CD1E /* ObserverDesignPatter.1 */; };
		037857F91707796400C8CD1E /* Subject.cpp in Sources */ = {isa = PBXBuildFile; fileRef = 037857F71707796400C8CD1E /* Subject.cpp */; };
		037857FC170779DC00C8CD1E /* Observer.cpp in Sources */ = {isa = PBXBuildFile; fileRef = 037857FA170779DC00C8CD1E /* Observer.cpp */; };
		037857FF17077B4900C8CD1E /* NewsStation.cpp in Sources */ = {isa = PBXBuildFile; fileRef = 037857FD17077B4900C8CD1E /* NewsStation.cpp */; };
		037858081707AC4300C8CD1E /* NewsReader.cpp in Sources */ = {isa = PBXBuildFile; fileRef = 037858061707AC4300C8CD1E /* NewsReader.cpp */; };
		0378580B1707AE1B00C8CD1E /* NeighborReader.cpp in Sources */ = {isa = PBXBuildFile; fileRef = 037858091707AE1B00C8CD1E /* NeighborReader.cpp */; };
/* End PBXBuildFile section */

/* Begin PBXCopyFilesBuildPhase section */
		037857E51707792200C8CD1E /* CopyFiles */ = {
			isa = PBXCopyFilesBuildPhase;
			buildActionMask = 2147483647;
			dstPath = /usr/share/man/man1/;
			dstSubfolderSpec = 0;
			files = (
				037857EE1707792200C8CD1E /* ObserverDesignPatter.1 in CopyFiles */,
			);
			runOnlyForDeploymentPostprocessing = 1;
		};
/* End PBXCopyFilesBuildPhase section */

/* Begin PBXFileReference section */
		037857E71707792200C8CD1E /* ObserverDesignPatter */ = {isa = PBXFileReference; explicitFileType = "compiled.mach-o.executable"; includeInIndex = 0; path = ObserverDesignPatter; sourceTree = BUILT_PRODUCTS_DIR; };
		037857EB1707792200C8CD1E /* main.cpp */ = {isa = PBXFileReference; lastKnownFileType = sourcecode.cpp.cpp; path = main.cpp; sourceTree = "<group>"; };
		037857ED1707792200C8CD1E /* ObserverDesignPatter.1 */ = {isa = PBXFileReference; lastKnownFileType = text.man; path = ObserverDesignPatter.1; sourceTree = "<group>"; };
		037857F71707796400C8CD1E /* Subject.cpp */ = {isa = PBXFileReference; fileEncoding = 4; lastKnownFileType = sourcecode.cpp.cpp; path = Subject.cpp; sourceTree = "<group>"; };
		037857F81707796400C8CD1E /* Subject.h */ = {isa = PBXFileReference; fileEncoding = 4; lastKnownFileType = sourcecode.c.h; path = Subject.h; sourceTree = "<group>"; };
		037857FA170779DC00C8CD1E /* Observer.cpp */ = {isa = PBXFileReference; fileEncoding = 4; lastKnownFileType = sourcecode.cpp.cpp; path = Observer.cpp; sourceTree = "<group>"; };
		037857FB170779DC00C8CD1E /* Observer.h */ = {isa = PBXFileReference; fileEncoding = 4; lastKnownFileType = sourcecode.c.h; path = Observer.h; sourceTree = "<group>"; };
		037857FD17077B4900C8CD1E /* NewsStation.cpp */ = {isa = PBXFileReference; fileEncoding = 4; lastKnownFileType = sourcecode.cpp.cpp; path = NewsStation.cpp; sourceTree = "<group>"; };
		037857FE17077B4900C8CD1E /* NewsStation.h */ = {isa = PBXFileReference; fileEncoding = 4; lastKnownFileType = sourcecode.c.h; path = NewsStation.h; sourceTree = "<group>"; };
		037858061707AC4300C8CD1E /* NewsReader.cpp */ = {isa = PBXFileReference; fileEncoding = 4; lastKnownFileType = sourcecode.cpp.cpp; path = NewsReader.cpp; sourceTree = "<group>"; };
		037858071707AC4300C8CD1E /* NewsReader.h */ = {isa = PBXFileReference; fileEncoding = 4; lastKnownFileType = sourcecode.c.h; path = NewsReader.h; sourceTree = "<group>"; };
		037858091707AE1B00C8CD1E /* NeighborReader.cpp */ = {isa = PBXFileReference; fileEncoding = 4; lastKnownFileType = sourcecode.cpp.cpp; path = NeighborReader.cpp; sourceTree = "<group>"; };
		0378580A1707AE1B00C8CD1E /* NeighborReader.h */ = {isa = PBXFileReference; fileEncoding = 4; lastKnownFileType = sourcecode.c.h; path = NeighborReader.h; sourceTree = "<group>"; };
/* End PBXFileReference section */

/* Begin PBXFrameworksBuildPhase section */
		037857E41707792200C8CD1E /* Frameworks */ = {
			isa = PBXFrameworksBuildPhase;
			buildActionMask = 2147483647;
			files = (
			);
			runOnlyForDeploymentPostprocessing = 0;
		};
/* End PBXFrameworksBuildPhase section */

/* Begin PBXGroup section */
		037857DC1707792200C8CD1E = {
			isa = PBXGroup;
			children = (
				037857EA1707792200C8CD1E /* ObserverDesignPatter */,
				037857E81707792200C8CD1E /* Products */,
			);
			sourceTree = "<group>";
		};
		037857E81707792200C8CD1E /* Products */ = {
			isa = PBXGroup;
			children = (
				037857E71707792200C8CD1E /* ObserverDesignPatter */,
			);
			name = Products;
			sourceTree = "<group>";
		};
		037857EA1707792200C8CD1E /* ObserverDesignPatter */ = {
			isa = PBXGroup;
			children = (
				037858041707AC0D00C8CD1E /* Subscriber */,
				037857F61707795300C8CD1E /* Interface */,
				037857F41707793000C8CD1E /* Publisher */,
				037857EB1707792200C8CD1E /* main.cpp */,
				037857ED1707792200C8CD1E /* ObserverDesignPatter.1 */,
			);
			path = ObserverDesignPatter;
			sourceTree = "<group>";
		};
		037857F41707793000C8CD1E /* Publisher */ = {
			isa = PBXGroup;
			children = (
				037857FD17077B4900C8CD1E /* NewsStation.cpp */,
				037857FE17077B4900C8CD1E /* NewsStation.h */,
			);
			name = Publisher;
			sourceTree = "<group>";
		};
		037857F61707795300C8CD1E /* Interface */ = {
			isa = PBXGroup;
			children = (
				037857F71707796400C8CD1E /* Subject.cpp */,
				037857F81707796400C8CD1E /* Subject.h */,
				037857FA170779DC00C8CD1E /* Observer.cpp */,
				037857FB170779DC00C8CD1E /* Observer.h */,
			);
			name = Interface;
			sourceTree = "<group>";
		};
		037858041707AC0D00C8CD1E /* Subscriber */ = {
			isa = PBXGroup;
			children = (
				037858061707AC4300C8CD1E /* NewsReader.cpp */,
				037858071707AC4300C8CD1E /* NewsReader.h */,
				037858091707AE1B00C8CD1E /* NeighborReader.cpp */,
				0378580A1707AE1B00C8CD1E /* NeighborReader.h */,
			);
			name = Subscriber;
			sourceTree = "<group>";
		};
/* End PBXGroup section */

/* Begin PBXNativeTarget section */
		037857E61707792200C8CD1E /* ObserverDesignPatter */ = {
			isa = PBXNativeTarget;
			buildConfigurationList = 037857F11707792200C8CD1E /* Build configuration list for PBXNativeTarget "ObserverDesignPatter" */;
			buildPhases = (
				037857E31707792200C8CD1E /* Sources */,
				037857E41707792200C8CD1E /* Frameworks */,
				037857E51707792200C8CD1E /* CopyFiles */,
			);
			buildRules = (
			);
			dependencies = (
			);
			name = ObserverDesignPatter;
			productName = ObserverDesignPatter;
			productReference = 037857E71707792200C8CD1E /* ObserverDesignPatter */;
			productType = "com.apple.product-type.tool";
		};
/* End PBXNativeTarget section */

/* Begin PBXProject section */
		037857DE1707792200C8CD1E /* Project object */ = {
			isa = PBXProject;
			attributes = {
				LastUpgradeCheck = 0450;
				ORGANIZATIONNAME = "Harold Serrano";
			};
			buildConfigurationList = 037857E11707792200C8CD1E /* Build configuration list for PBXProject "ObserverDesignPatter" */;
			compatibilityVersion = "Xcode 3.2";
			developmentRegion = English;
			hasScannedForEncodings = 0;
			knownRegions = (
				en,
			);
			mainGroup = 037857DC1707792200C8CD1E;
			productRefGroup = 037857E81707792200C8CD1E /* Products */;
			projectDirPath = "";
			projectRoot = "";
			targets = (
				037857E61707792200C8CD1E /* ObserverDesignPatter */,
			);
		};
/* End PBXProject section */

/* Begin PBXSourcesBuildPhase section */
		037857E31707792200C8CD1E /* Sources */ = {
			isa = PBXSourcesBuildPhase;
			buildActionMask = 2147483647;
			files = (
				037857EC1707792200C8CD1E /* main.cpp in Sources */,
				037857F91707796400C8CD1E /* Subject.cpp in Sources */,
				037857FC170779DC00C8CD1E /* Observer.cpp in Sources */,
				037857FF17077B4900C8CD1E /* NewsStation.cpp in Sources */,
				037858081707AC4300C8CD1E /* NewsReader.cpp in Sources */,
				0378580B1707AE1B00C8CD1E /* NeighborReader.cpp in Sources */,
			);
			runOnlyForDeploymentPostprocessing = 0;
		};
/* End PBXSourcesBuildPhase section */

/* Begin XCBuildConfiguration section */
		037857EF1707792200C8CD1E /* Debug */ = {
			isa = XCBuildConfiguration;
			buildSettings = {
				ALWAYS_SEARCH_USER_PATHS = NO;
				ARCHS = "$(ARCHS_STANDARD_64_BIT)";
				CLANG_CXX_LANGUAGE_STANDARD = "gnu++0x";
				CLANG_CXX_LIBRARY = "libc++";
				CLANG_WARN_EMPTY_BODY = YES;
				CLANG_WARN__DUPLICATE_METHOD_MATCH = YES;
				COPY_PHASE_STRIP = NO;
				GCC_C_LANGUAGE_STANDARD = gnu99;
				GCC_DYNAMIC_NO_PIC = NO;
				GCC_ENABLE_OBJC_EXCEPTIONS = YES;
				GCC_OPTIMIZATION_LEVEL = 0;
				GCC_PREPROCESSOR_DEFINITIONS = (
					"DEBUG=1",
					"$(inherited)",
				);
				GCC_SYMBOLS_PRIVATE_EXTERN = NO;
				GCC_WARN_64_TO_32_BIT_CONVERSION = YES;
				GCC_WARN_ABOUT_RETURN_TYPE = YES;
				GCC_WARN_UNINITIALIZED_AUTOS = YES;
				GCC_WARN_UNUSED_VARIABLE = YES;
				MACOSX_DEPLOYMENT_TARGET = 10.7;
				ONLY_ACTIVE_ARCH = YES;
				SDKROOT = macosx;
			};
			name = Debug;
		};
		037857F01707792200C8CD1E /* Release */ = {
			isa = XCBuildConfiguration;
			buildSettings = {
				ALWAYS_SEARCH_USER_PATHS = NO;
				ARCHS = "$(ARCHS_STANDARD_64_BIT)";
				CLANG_CXX_LANGUAGE_STANDARD = "gnu++0x";
				CLANG_CXX_LIBRARY = "libc++";
				CLANG_WARN_EMPTY_BODY = YES;
				CLANG_WARN__DUPLICATE_METHOD_MATCH = YES;
				COPY_PHASE_STRIP = YES;
				DEBUG_INFORMATION_FORMAT = "dwarf-with-dsym";
				GCC_C_LANGUAGE_STANDARD = gnu99;
				GCC_ENABLE_OBJC_EXCEPTIONS = YES;
				GCC_WARN_64_TO_32_BIT_CONVERSION = YES;
				GCC_WARN_ABOUT_RETURN_TYPE = YES;
				GCC_WARN_UNINITIALIZED_AUTOS = YES;
				GCC_WARN_UNUSED_VARIABLE = YES;
				MACOSX_DEPLOYMENT_TARGET = 10.7;
				SDKROOT = macosx;
			};
			name = Release;
		};
		037857F21707792200C8CD1E /* Debug */ = {
			isa = XCBuildConfiguration;
			buildSettings = {
				PRODUCT_NAME = "$(TARGET_NAME)";
			};
			name = Debug;
		};
		037857F31707792200C8CD1E /* Release */ = {
			isa = XCBuildConfiguration;
			buildSettings = {
				PRODUCT_NAME = "$(TARGET_NAME)";
			};
			name = Release;
		};
/* End XCBuildConfiguration section */

/* Begin XCConfigurationList section */
		037857E11707792200C8CD1E /* Build configuration list for PBXProject "ObserverDesignPatter" */ = {
			isa = XCConfigurationList;
			buildConfigurations = (
				037857EF1707792200C8CD1E /* Debug */,
				037857F01707792200C8CD1E /* Release */,
			);
			defaultConfigurationIsVisible = 0;
			defaultConfigurationName = Release;
		};
		037857F11707792200C8CD1E /* Build configuration list for PBXNativeTarget "ObserverDesignPatter" */ = {
			isa = XCConfigurationList;
			buildConfigurations = (
				037857F21707792200C8CD1E /* Debug */,
				037857F31707792200C8CD1E /* Release */,
			);
			defaultConfigurationIsVisible = 0;
			defaultConfigurationName = Release;
		};
/* End XCConfigurationList section */
	};
	rootObject = 037857DE1707792200C8CD1E /* Project object */;
}
